
Microsoft Visual Studio Solution File, Format Version 11.00
# Visual Studio 2010
Project("{FAE04EC0-301F-11D3-BF4B-00C04F79EFBC}") = "VetteDataParser", "VetteDataParser\VetteDataParser.csproj", "{808378CD-7508-45B4-8D08-F18E20A388CA}"
EndProject
Project("{FAE04EC0-301F-11D3-BF4B-00C04F79EFBC}") = "VetteUtil", "VetteUtil\VetteUtil.csproj", "{8D13B4F3-0C34-4FCD-81D8-B19DA69E49CE}"
EndProject
Project("{FAE04EC0-301F-11D3-BF4B-00C04F79EFBC}") = "MacResourceFork", "MacResourceFork\MacResourceFork.csproj", "{FC01A7E3-FD84-46F0-BCE8-DF3D4BBC158F}"
EndProject
Global
	GlobalSection(SolutionConfigurationPlatforms) = preSolution
		Debug|x86 = Debug|x86
		Release|x86 = Release|x86
	EndGlobalSection
	GlobalSection(ProjectConfigurationPlatforms) = postSolution
		{808378CD-7508-45B4-8D08-F18E20A388CA}.Debug|x86.ActiveCfg = Debug|x86
		{808378CD-7508-45B4-8D08-F18E20A388CA}.Debug|x86.Build.0 = Debug|x86
		{808378CD-7508-45B4-8D08-F18E20A388CA}.Release|x86.ActiveCfg = Release|x86
		{808378CD-7508-45B4-8D08-F18E20A388CA}.Release|x86.Build.0 = Release|x86
		{8D13B4F3-0C34-4FCD-81D8-B19DA69E49CE}.Debug|x86.ActiveCfg = Debug|Any CPU
		{8D13B4F3-0C34-4FCD-81D8-B19DA69E49CE}.Debug|x86.Build.0 = Debug|Any CPU
		{8D13B4F3-0C34-4FCD-81D8-B19DA69E49CE}.Release|x86.ActiveCfg = Release|Any CPU
		{8D13B4F3-0C34-4FCD-81D8-B19DA69E49CE}.Release|x86.Build.0 = Release|Any CPU
		{FC01A7E3-FD84-46F0-BCE8-DF3D4BBC158F}.Debug|x86.ActiveCfg = Debug|Any CPU
		{FC01A7E3-FD84-46F0-BCE8-DF3D4BBC158F}.Debug|x86.Build.0 = Debug|Any CPU
		{FC01A7E3-FD84-46F0-BCE8-DF3D4BBC158F}.Release|x86.ActiveCfg = Release|Any CPU
		{FC01A7E3-FD84-46F0-BCE8-DF3D4BBC158F}.Release|x86.Build.0 = Release|Any CPU
	EndGlobalSection
	GlobalSection(MonoDevelopProperties) = preSolution
		StartupItem = VetteDataParser\VetteDataParser.csproj
	EndGlobalSection
EndGlobal
